
Microsoft Visual Studio Solution File, Format Version 12.00
# Visual Studio Version 17
VisualStudioVersion = 17.11.35222.181
MinimumVisualStudioVersion = 10.0.40219.1
Project("{FAE04EC0-301F-11D3-BF4B-00C04F79EFBC}") = "ConsoleApp11", "ConsoleApp11\ConsoleApp11.csproj", "{51E20B2D-20D2-4701-8BA3-78AC21E2A090}"
EndProject
Global
	GlobalSection(SolutionConfigurationPlatforms) = preSolution
		Debug|Any CPU = Debug|Any CPU
		Release|Any CPU = Release|Any CPU
	EndGlobalSection
	GlobalSection(ProjectConfigurationPlatforms) = postSolution
		{51E20B2D-20D2-4701-8BA3-78AC21E2A090}.Debug|Any CPU.ActiveCfg = Debug|Any CPU
		{51E20B2D-20D2-4701-8BA3-78AC21E2A090}.Debug|Any CPU.Build.0 = Debug|Any CPU
		{51E20B2D-20D2-4701-8BA3-78AC21E2A090}.Release|Any CPU.ActiveCfg = Release|Any CPU
		{51E20B2D-20D2-4701-8BA3-78AC21E2A090}.Release|Any CPU.Build.0 = Release|Any CPU
	EndGlobalSection
	GlobalSection(SolutionProperties) = preSolution
		HideSolutionNode = FALSE
	EndGlobalSection
	GlobalSection(ExtensibilityGlobals) = postSolution
		SolutionGuid = {CD3582C9-0CBE-4267-8FC3-6BFD612BA3BC}
	EndGlobalSection
EndGlobal
